{
  "name": "angular",
  "lockfileVersion": 2,
  "requires": true,
  "packages": {
    "": {
      "dependencies": {
        "crypto-pro": "^2.3.0"
      }
    },
    "node_modules/crypto-pro": {
      "version": "2.3.0",
      "resolved": "https://registry.npmjs.org/crypto-pro/-/crypto-pro-2.3.0.tgz",
      "integrity": "sha512-cppYuMRRijEaZ0UKAOW5L1CQIvzQA3DTRp4pARINl6K8Pp1JMhlch5TyWwv6Z4Y3x677A9xxcW62okHD91Veqg=="
    }
  },
  "dependencies": {
    "crypto-pro": {
      "version": "2.3.0",
      "resolved": "https://registry.npmjs.org/crypto-pro/-/crypto-pro-2.3.0.tgz",
      "integrity": "sha512-cppYuMRRijEaZ0UKAOW5L1CQIvzQA3DTRp4pARINl6K8Pp1JMhlch5TyWwv6Z4Y3x677A9xxcW62okHD91Veqg=="
    }
  }
}
